
Microsoft Visual Studio Solution File, Format Version 12.00
# Visual Studio Version 17
VisualStudioVersion = 17.14.36310.24
MinimumVisualStudioVersion = 10.0.40219.1
Project("{FAE04EC0-301F-11D3-BF4B-00C04F79EFBC}") = "OtusSD.1", "OtusSD.1\OtusSD.1.csproj", "{C2134763-1400-44B6-B1D8-EE507797ADAA}"
EndProject
Project("{FAE04EC0-301F-11D3-BF4B-00C04F79EFBC}") = "OtusSD.2", "OtusSD.2\OtusSD.2.csproj", "{2EE6D7F3-6FAE-4C76-903D-BFE19EBE7725}"
EndProject
Global
	GlobalSection(SolutionConfigurationPlatforms) = preSolution
		Debug|Any CPU = Debug|Any CPU
		Release|Any CPU = Release|Any CPU
	EndGlobalSection
	GlobalSection(ProjectConfigurationPlatforms) = postSolution
		{C2134763-1400-44B6-B1D8-EE507797ADAA}.Debug|Any CPU.ActiveCfg = Debug|Any CPU
		{C2134763-1400-44B6-B1D8-EE507797ADAA}.Debug|Any CPU.Build.0 = Debug|Any CPU
		{C2134763-1400-44B6-B1D8-EE507797ADAA}.Release|Any CPU.ActiveCfg = Release|Any CPU
		{C2134763-1400-44B6-B1D8-EE507797ADAA}.Release|Any CPU.Build.0 = Release|Any CPU
		{2EE6D7F3-6FAE-4C76-903D-BFE19EBE7725}.Debug|Any CPU.ActiveCfg = Debug|Any CPU
		{2EE6D7F3-6FAE-4C76-903D-BFE19EBE7725}.Debug|Any CPU.Build.0 = Debug|Any CPU
		{2EE6D7F3-6FAE-4C76-903D-BFE19EBE7725}.Release|Any CPU.ActiveCfg = Release|Any CPU
		{2EE6D7F3-6FAE-4C76-903D-BFE19EBE7725}.Release|Any CPU.Build.0 = Release|Any CPU
	EndGlobalSection
	GlobalSection(SolutionProperties) = preSolution
		HideSolutionNode = FALSE
	EndGlobalSection
	GlobalSection(ExtensibilityGlobals) = postSolution
		SolutionGuid = {F9A2F607-06DD-4746-B282-D7B06CBA417F}
	EndGlobalSection
EndGlobal
